
Microsoft Visual Studio Solution File, Format Version 12.00
# Visual Studio Version 17
VisualStudioVersion = 17.14.36429.23 d17.14
MinimumVisualStudioVersion = 10.0.40219.1
Project("{FAE04EC0-301F-11D3-BF4B-00C04F79EFBC}") = "api_biblioteca_de_jogos", "api_biblioteca_de_jogos\api_biblioteca_de_jogos.csproj", "{5FE7319B-97BE-4EAF-8637-659D1F82BEC4}"
EndProject
Global
	GlobalSection(SolutionConfigurationPlatforms) = preSolution
		Debug|Any CPU = Debug|Any CPU
		Release|Any CPU = Release|Any CPU
	EndGlobalSection
	GlobalSection(ProjectConfigurationPlatforms) = postSolution
		{5FE7319B-97BE-4EAF-8637-659D1F82BEC4}.Debug|Any CPU.ActiveCfg = Debug|Any CPU
		{5FE7319B-97BE-4EAF-8637-659D1F82BEC4}.Debug|Any CPU.Build.0 = Debug|Any CPU
		{5FE7319B-97BE-4EAF-8637-659D1F82BEC4}.Release|Any CPU.ActiveCfg = Release|Any CPU
		{5FE7319B-97BE-4EAF-8637-659D1F82BEC4}.Release|Any CPU.Build.0 = Release|Any CPU
	EndGlobalSection
	GlobalSection(SolutionProperties) = preSolution
		HideSolutionNode = FALSE
	EndGlobalSection
	GlobalSection(ExtensibilityGlobals) = postSolution
		SolutionGuid = {BFFD339D-6F3C-42EC-AEC1-F886E87948CD}
	EndGlobalSection
EndGlobal
